// !$*UTF8*$!
{
	archiveVersion = 1;
	classes = {
	};
	objectVersion = 55;
	objects = {

/* Begin PBXBuildFile section */
		97AFC53A2AEC297584BABBF8 /* Pods_FieldCodeiOS.framework in Frameworks */ = {isa = PBXBuildFile; fileRef = FC4B2D7891457CD54A863873 /* Pods_FieldCodeiOS.framework */; };
		BFA16EEA27A86FAC00BD6A45 /* AppDelegate.swift in Sources */ = {isa = PBXBuildFile; fileRef = BFA16EE927A86FAC00BD6A45 /* AppDelegate.swift */; };
		BFA16EEC27A86FAC00BD6A45 /* SceneDelegate.swift in Sources */ = {isa = PBXBuildFile; fileRef = BFA16EEB27A86FAC00BD6A45 /* SceneDelegate.swift */; };
		BFA16EEE27A86FAC00BD6A45 /* ViewController.swift in Sources */ = {isa = PBXBuildFile; fileRef = BFA16EED27A86FAC00BD6A45 /* ViewController.swift */; };
		BFA16EF127A86FAC00BD6A45 /* Main.storyboard in Resources */ = {isa = PBXBuildFile; fileRef = BFA16EEF27A86FAC00BD6A45 /* Main.storyboard */; };
		BFA16EF327A86FAD00BD6A45 /* Assets.xcassets in Resources */ = {isa = PBXBuildFile; fileRef = BFA16EF227A86FAD00BD6A45 /* Assets.xcassets */; };
		BFA16EF627A86FAD00BD6A45 /* LaunchScreen.storyboard in Resources */ = {isa = PBXBuildFile; fileRef = BFA16EF427A86FAD00BD6A45 /* LaunchScreen.storyboard */; };
		BFA16EFE27A86FC000BD6A45 /* PostDao.swift in Sources */ = {isa = PBXBuildFile; fileRef = BFA16EFD27A86FC000BD6A45 /* PostDao.swift */; };
		BFA16F0127A86FCD00BD6A45 /* Model.swift in Sources */ = {isa = PBXBuildFile; fileRef = BFA16EFF27A86FCD00BD6A45 /* Model.swift */; };
		BFA16F0227A86FCD00BD6A45 /* DbHelper.swift in Sources */ = {isa = PBXBuildFile; fileRef = BFA16F0027A86FCD00BD6A45 /* DbHelper.swift */; };
		BFA16F0627A86FDD00BD6A45 /* Reachability.swift in Sources */ = {isa = PBXBuildFile; fileRef = BFA16F0327A86FDD00BD6A45 /* Reachability.swift */; };
		BFA16F0727A86FDD00BD6A45 /* NetworkManager.swift in Sources */ = {isa = PBXBuildFile; fileRef = BFA16F0427A86FDD00BD6A45 /* NetworkManager.swift */; };
		BFA16F0827A86FDD00BD6A45 /* Requests.swift in Sources */ = {isa = PBXBuildFile; fileRef = BFA16F0527A86FDD00BD6A45 /* Requests.swift */; };
		BFA16F0A27A86FFC00BD6A45 /* PostService.swift in Sources */ = {isa = PBXBuildFile; fileRef = BFA16F0927A86FFC00BD6A45 /* PostService.swift */; };
		BFA16F0D27A8700A00BD6A45 /* Extension.swift in Sources */ = {isa = PBXBuildFile; fileRef = BFA16F0B27A8700A00BD6A45 /* Extension.swift */; };
		BFA16F0E27A8700A00BD6A45 /* Box.swift in Sources */ = {isa = PBXBuildFile; fileRef = BFA16F0C27A8700A00BD6A45 /* Box.swift */; };
		BFA16F1227A8701900BD6A45 /* PostDetailsVm.swift in Sources */ = {isa = PBXBuildFile; fileRef = BFA16F0F27A8701900BD6A45 /* PostDetailsVm.swift */; };
		BFA16F1327A8701900BD6A45 /* PostDetailsScreen.storyboard in Resources */ = {isa = PBXBuildFile; fileRef = BFA16F1027A8701900BD6A45 /* PostDetailsScreen.storyboard */; };
		BFA16F1427A8701900BD6A45 /* PostDetailsScreen.swift in Sources */ = {isa = PBXBuildFile; fileRef = BFA16F1127A8701900BD6A45 /* PostDetailsScreen.swift */; };
		BFA16F1827A8702A00BD6A45 /* PostListScreen.storyboard in Resources */ = {isa = PBXBuildFile; fileRef = BFA16F1527A8702A00BD6A45 /* PostListScreen.storyboard */; };
		BFA16F1927A8702A00BD6A45 /* PostListVm.swift in Sources */ = {isa = PBXBuildFile; fileRef = BFA16F1627A8702A00BD6A45 /* PostListVm.swift */; };
		BFA16F1A27A8702A00BD6A45 /* PostListScreen.swift in Sources */ = {isa = PBXBuildFile; fileRef = BFA16F1727A8702A00BD6A45 /* PostListScreen.swift */; };
/* End PBXBuildFile section */

/* Begin PBXFileReference section */
		38D986A1B5A94B9DD2CB49B2 /* Pods-FieldCodeiOS.release.xcconfig */ = {isa = PBXFileReference; includeInIndex = 1; lastKnownFileType = text.xcconfig; name = "Pods-FieldCodeiOS.release.xcconfig"; path = "Target Support Files/Pods-FieldCodeiOS/Pods-FieldCodeiOS.release.xcconfig"; sourceTree = "<group>"; };
		96B54467B928413FEB73A811 /* Pods-FieldCodeiOS.debug.xcconfig */ = {isa = PBXFileReference; includeInIndex = 1; lastKnownFileType = text.xcconfig; name = "Pods-FieldCodeiOS.debug.xcconfig"; path = "Target Support Files/Pods-FieldCodeiOS/Pods-FieldCodeiOS.debug.xcconfig"; sourceTree = "<group>"; };
		BFA16EE627A86FAC00BD6A45 /* FieldCodeiOS.app */ = {isa = PBXFileReference; explicitFileType = wrapper.application; includeInIndex = 0; path = FieldCodeiOS.app; sourceTree = BUILT_PRODUCTS_DIR; };
		BFA16EE927A86FAC00BD6A45 /* AppDelegate.swift */ = {isa = PBXFileReference; lastKnownFileType = sourcecode.swift; path = AppDelegate.swift; sourceTree = "<group>"; };
		BFA16EEB27A86FAC00BD6A45 /* SceneDelegate.swift */ = {isa = PBXFileReference; lastKnownFileType = sourcecode.swift; path = SceneDelegate.swift; sourceTree = "<group>"; };
		BFA16EED27A86FAC00BD6A45 /* ViewController.swift */ = {isa = PBXFileReference; lastKnownFileType = sourcecode.swift; path = ViewController.swift; sourceTree = "<group>"; };
		BFA16EF027A86FAC00BD6A45 /* Base */ = {isa = PBXFileReference; lastKnownFileType = file.storyboard; name = Base; path = Base.lproj/Main.storyboard; sourceTree = "<group>"; };
		BFA16EF227A86FAD00BD6A45 /* Assets.xcassets */ = {isa = PBXFileReference; lastKnownFileType = folder.assetcatalog; path = Assets.xcassets; sourceTree = "<group>"; };
		BFA16EF527A86FAD00BD6A45 /* Base */ = {isa = PBXFileReference; lastKnownFileType = file.storyboard; name = Base; path = Base.lproj/LaunchScreen.storyboard; sourceTree = "<group>"; };
		BFA16EF727A86FAD00BD6A45 /* Info.plist */ = {isa = PBXFileReference; lastKnownFileType = text.plist.xml; path = Info.plist; sourceTree = "<group>"; };
		BFA16EFD27A86FC000BD6A45 /* PostDao.swift */ = {isa = PBXFileReference; fileEncoding = 4; lastKnownFileType = sourcecode.swift; path = PostDao.swift; sourceTree = "<group>"; };
		BFA16EFF27A86FCD00BD6A45 /* Model.swift */ = {isa = PBXFileReference; fileEncoding = 4; lastKnownFileType = sourcecode.swift; path = Model.swift; sourceTree = "<group>"; };
		BFA16F0027A86FCD00BD6A45 /* DbHelper.swift */ = {isa = PBXFileReference; fileEncoding = 4; lastKnownFileType = sourcecode.swift; path = DbHelper.swift; sourceTree = "<group>"; };
		BFA16F0327A86FDD00BD6A45 /* Reachability.swift */ = {isa = PBXFileReference; fileEncoding = 4; lastKnownFileType = sourcecode.swift; path = Reachability.swift; sourceTree = "<group>"; };
		BFA16F0427A86FDD00BD6A45 /* NetworkManager.swift */ = {isa = PBXFileReference; fileEncoding = 4; lastKnownFileType = sourcecode.swift; path = NetworkManager.swift; sourceTree = "<group>"; };
		BFA16F0527A86FDD00BD6A45 /* Requests.swift */ = {isa = PBXFileReference; fileEncoding = 4; lastKnownFileType = sourcecode.swift; path = Requests.swift; sourceTree = "<group>"; };
		BFA16F0927A86FFC00BD6A45 /* PostService.swift */ = {isa = PBXFileReference; fileEncoding = 4; lastKnownFileType = sourcecode.swift; path = PostService.swift; sourceTree = "<group>"; };
		BFA16F0B27A8700A00BD6A45 /* Extension.swift */ = {isa = PBXFileReference; fileEncoding = 4; lastKnownFileType = sourcecode.swift; path = Extension.swift; sourceTree = "<group>"; };
		BFA16F0C27A8700A00BD6A45 /* Box.swift */ = {isa = PBXFileReference; fileEncoding = 4; lastKnownFileType = sourcecode.swift; path = Box.swift; sourceTree = "<group>"; };
		BFA16F0F27A8701900BD6A45 /* PostDetailsVm.swift */ = {isa = PBXFileReference; fileEncoding = 4; lastKnownFileType = sourcecode.swift; path = PostDetailsVm.swift; sourceTree = "<group>"; };
		BFA16F1027A8701900BD6A45 /* PostDetailsScreen.storyboard */ = {isa = PBXFileReference; fileEncoding = 4; lastKnownFileType = file.storyboard; path = PostDetailsScreen.storyboard; sourceTree = "<group>"; };
		BFA16F1127A8701900BD6A45 /* PostDetailsScreen.swift */ = {isa = PBXFileReference; fileEncoding = 4; lastKnownFileType = sourcecode.swift; path = PostDetailsScreen.swift; sourceTree = "<group>"; };
		BFA16F1527A8702A00BD6A45 /* PostListScreen.storyboard */ = {isa = PBXFileReference; fileEncoding = 4; lastKnownFileType = file.storyboard; path = PostListScreen.storyboard; sourceTree = "<group>"; };
		BFA16F1627A8702A00BD6A45 /* PostListVm.swift */ = {isa = PBXFileReference; fileEncoding = 4; lastKnownFileType = sourcecode.swift; path = PostListVm.swift; sourceTree = "<group>"; };
		BFA16F1727A8702A00BD6A45 /* PostListScreen.swift */ = {isa = PBXFileReference; fileEncoding = 4; lastKnownFileType = sourcecode.swift; path = PostListScreen.swift; sourceTree = "<group>"; };
		FC4B2D7891457CD54A863873 /* Pods_FieldCodeiOS.framework */ = {isa = PBXFileReference; explicitFileType = wrapper.framework; includeInIndex = 0; path = Pods_FieldCodeiOS.framework; sourceTree = BUILT_PRODUCTS_DIR; };
/* End PBXFileReference section */

/* Begin PBXFrameworksBuildPhase section */
		BFA16EE327A86FAC00BD6A45 /* Frameworks */ = {
			isa = PBXFrameworksBuildPhase;
			buildActionMask = 2147483647;
			files = (
				97AFC53A2AEC297584BABBF8 /* Pods_FieldCodeiOS.framework in Frameworks */,
			);
			runOnlyForDeploymentPostprocessing = 0;
		};
/* End PBXFrameworksBuildPhase section */

/* Begin PBXGroup section */
		8D8268498FAA9AA25AA1E9ED /* Pods */ = {
			isa = PBXGroup;
			children = (
				96B54467B928413FEB73A811 /* Pods-FieldCodeiOS.debug.xcconfig */,
				38D986A1B5A94B9DD2CB49B2 /* Pods-FieldCodeiOS.release.xcconfig */,
			);
			path = Pods;
			sourceTree = "<group>";
		};
		BFA16EDD27A86FAC00BD6A45 = {
			isa = PBXGroup;
			children = (
				BFA16EE827A86FAC00BD6A45 /* FieldCodeiOS */,
				BFA16EE727A86FAC00BD6A45 /* Products */,
				8D8268498FAA9AA25AA1E9ED /* Pods */,
				ED3542EAC66EDECAD3DBFA70 /* Frameworks */,
			);
			sourceTree = "<group>";
		};
		BFA16EE727A86FAC00BD6A45 /* Products */ = {
			isa = PBXGroup;
			children = (
				BFA16EE627A86FAC00BD6A45 /* FieldCodeiOS.app */,
			);
			name = Products;
			sourceTree = "<group>";
		};
		BFA16EE827A86FAC00BD6A45 /* FieldCodeiOS */ = {
			isa = PBXGroup;
			children = (
				BFA16F1527A8702A00BD6A45 /* PostListScreen.storyboard */,
				BFA16F1727A8702A00BD6A45 /* PostListScreen.swift */,
				BFA16F1627A8702A00BD6A45 /* PostListVm.swift */,
				BFA16F1027A8701900BD6A45 /* PostDetailsScreen.storyboard */,
				BFA16F1127A8701900BD6A45 /* PostDetailsScreen.swift */,
				BFA16F0F27A8701900BD6A45 /* PostDetailsVm.swift */,
				BFA16F0C27A8700A00BD6A45 /* Box.swift */,
				BFA16F0B27A8700A00BD6A45 /* Extension.swift */,
				BFA16F0927A86FFC00BD6A45 /* PostService.swift */,
				BFA16F0427A86FDD00BD6A45 /* NetworkManager.swift */,
				BFA16F0327A86FDD00BD6A45 /* Reachability.swift */,
				BFA16F0527A86FDD00BD6A45 /* Requests.swift */,
				BFA16F0027A86FCD00BD6A45 /* DbHelper.swift */,
				BFA16EFF27A86FCD00BD6A45 /* Model.swift */,
				BFA16EFD27A86FC000BD6A45 /* PostDao.swift */,
				BFA16EE927A86FAC00BD6A45 /* AppDelegate.swift */,
				BFA16EEB27A86FAC00BD6A45 /* SceneDelegate.swift */,
				BFA16EED27A86FAC00BD6A45 /* ViewController.swift */,
				BFA16EEF27A86FAC00BD6A45 /* Main.storyboard */,
				BFA16EF227A86FAD00BD6A45 /* Assets.xcassets */,
				BFA16EF427A86FAD00BD6A45 /* LaunchScreen.storyboard */,
				BFA16EF727A86FAD00BD6A45 /* Info.plist */,
			);
			path = FieldCodeiOS;
			sourceTree = "<group>";
		};
		ED3542EAC66EDECAD3DBFA70 /* Frameworks */ = {
			isa = PBXGroup;
			children = (
				FC4B2D7891457CD54A863873 /* Pods_FieldCodeiOS.framework */,
			);
			name = Frameworks;
			sourceTree = "<group>";
		};
/* End PBXGroup section */

/* Begin PBXNativeTarget section */
		BFA16EE527A86FAC00BD6A45 /* FieldCodeiOS */ = {
			isa = PBXNativeTarget;
			buildConfigurationList = BFA16EFA27A86FAD00BD6A45 /* Build configuration list for PBXNativeTarget "FieldCodeiOS" */;
			buildPhases = (
				224A6FDE6E97496C46E29A88 /* [CP] Check Pods Manifest.lock */,
				BFA16EE227A86FAC00BD6A45 /* Sources */,
				BFA16EE327A86FAC00BD6A45 /* Frameworks */,
				BFA16EE427A86FAC00BD6A45 /* Resources */,
				A8D69736761D3B8F6FB7D83E /* [CP] Embed Pods Frameworks */,
			);
			buildRules = (
			);
			dependencies = (
			);
			name = FieldCodeiOS;
			productName = FieldCodeiOS;
			productReference = BFA16EE627A86FAC00BD6A45 /* FieldCodeiOS.app */;
			productType = "com.apple.product-type.application";
		};
/* End PBXNativeTarget section */

/* Begin PBXProject section */
		BFA16EDE27A86FAC00BD6A45 /* Project object */ = {
			isa = PBXProject;
			attributes = {
				BuildIndependentTargetsInParallel = 1;
				LastSwiftUpdateCheck = 1320;
				LastUpgradeCheck = 1320;
				TargetAttributes = {
					BFA16EE527A86FAC00BD6A45 = {
						CreatedOnToolsVersion = 13.2.1;
					};
				};
			};
			buildConfigurationList = BFA16EE127A86FAC00BD6A45 /* Build configuration list for PBXProject "FieldCodeiOS" */;
			compatibilityVersion = "Xcode 13.0";
			developmentRegion = en;
			hasScannedForEncodings = 0;
			knownRegions = (
				en,
				Base,
			);
			mainGroup = BFA16EDD27A86FAC00BD6A45;
			productRefGroup = BFA16EE727A86FAC00BD6A45 /* Products */;
			projectDirPath = "";
			projectRoot = "";
			targets = (
				BFA16EE527A86FAC00BD6A45 /* FieldCodeiOS */,
			);
		};
/* End PBXProject section */

/* Begin PBXResourcesBuildPhase section */
		BFA16EE427A86FAC00BD6A45 /* Resources */ = {
			isa = PBXResourcesBuildPhase;
			buildActionMask = 2147483647;
			files = (
				BFA16EF627A86FAD00BD6A45 /* LaunchScreen.storyboard in Resources */,
				BFA16EF327A86FAD00BD6A45 /* Assets.xcassets in Resources */,
				BFA16EF127A86FAC00BD6A45 /* Main.storyboard in Resources */,
				BFA16F1327A8701900BD6A45 /* PostDetailsScreen.storyboard in Resources */,
				BFA16F1827A8702A00BD6A45 /* PostListScreen.storyboard in Resources */,
			);
			runOnlyForDeploymentPostprocessing = 0;
		};
/* End PBXResourcesBuildPhase section */

/* Begin PBXShellScriptBuildPhase section */
		224A6FDE6E97496C46E29A88 /* [CP] Check Pods Manifest.lock */ = {
			isa = PBXShellScriptBuildPhase;
			buildActionMask = 2147483647;
			files = (
			);
			inputFileListPaths = (
			);
			inputPaths = (
				"${PODS_PODFILE_DIR_PATH}/Podfile.lock",
				"${PODS_ROOT}/Manifest.lock",
			);
			name = "[CP] Check Pods Manifest.lock";
			outputFileListPaths = (
			);
			outputPaths = (
				"$(DERIVED_FILE_DIR)/Pods-FieldCodeiOS-checkManifestLockResult.txt",
			);
			runOnlyForDeploymentPostprocessing = 0;
			shellPath = /bin/sh;
			shellScript = "diff \"${PODS_PODFILE_DIR_PATH}/Podfile.lock\" \"${PODS_ROOT}/Manifest.lock\" > /dev/null\nif [ $? != 0 ] ; then\n    # print error to STDERR\n    echo \"error: The sandbox is not in sync with the Podfile.lock. Run 'pod install' or update your CocoaPods installation.\" >&2\n    exit 1\nfi\n# This output is used by Xcode 'outputs' to avoid re-running this script phase.\necho \"SUCCESS\" > \"${SCRIPT_OUTPUT_FILE_0}\"\n";
			showEnvVarsInLog = 0;
		};
		A8D69736761D3B8F6FB7D83E /* [CP] Embed Pods Frameworks */ = {
			isa = PBXShellScriptBuildPhase;
			buildActionMask = 2147483647;
			files = (
			);
			inputFileListPaths = (
				"${PODS_ROOT}/Target Support Files/Pods-FieldCodeiOS/Pods-FieldCodeiOS-frameworks-${CONFIGURATION}-input-files.xcfilelist",
			);
			name = "[CP] Embed Pods Frameworks";
			outputFileListPaths = (
				"${PODS_ROOT}/Target Support Files/Pods-FieldCodeiOS/Pods-FieldCodeiOS-frameworks-${CONFIGURATION}-output-files.xcfilelist",
			);
			runOnlyForDeploymentPostprocessing = 0;
			shellPath = /bin/sh;
			shellScript = "\"${PODS_ROOT}/Target Support Files/Pods-FieldCodeiOS/Pods-FieldCodeiOS-frameworks.sh\"\n";
			showEnvVarsInLog = 0;
		};
/* End PBXShellScriptBuildPhase section */

/* Begin PBXSourcesBuildPhase section */
		BFA16EE227A86FAC00BD6A45 /* Sources */ = {
			isa = PBXSourcesBuildPhase;
			buildActionMask = 2147483647;
			files = (
				BFA16F0627A86FDD00BD6A45 /* Reachability.swift in Sources */,
				BFA16F1A27A8702A00BD6A45 /* PostListScreen.swift in Sources */,
				BFA16F1927A8702A00BD6A45 /* PostListVm.swift in Sources */,
				BFA16F0127A86FCD00BD6A45 /* Model.swift in Sources */,
				BFA16F0227A86FCD00BD6A45 /* DbHelper.swift in Sources */,
				BFA16F0827A86FDD00BD6A45 /* Requests.swift in Sources */,
				BFA16F0D27A8700A00BD6A45 /* Extension.swift in Sources */,
				BFA16EEE27A86FAC00BD6A45 /* ViewController.swift in Sources */,
				BFA16F0A27A86FFC00BD6A45 /* PostService.swift in Sources */,
				BFA16F0727A86FDD00BD6A45 /* NetworkManager.swift in Sources */,
				BFA16EEA27A86FAC00BD6A45 /* AppDelegate.swift in Sources */,
				BFA16F0E27A8700A00BD6A45 /* Box.swift in Sources */,
				BFA16EFE27A86FC000BD6A45 /* PostDao.swift in Sources */,
				BFA16F1227A8701900BD6A45 /* PostDetailsVm.swift in Sources */,
				BFA16F1427A8701900BD6A45 /* PostDetailsScreen.swift in Sources */,
				BFA16EEC27A86FAC00BD6A45 /* SceneDelegate.swift in Sources */,
			);
			runOnlyForDeploymentPostprocessing = 0;
		};
/* End PBXSourcesBuildPhase section */

/* Begin PBXVariantGroup section */
		BFA16EEF27A86FAC00BD6A45 /* Main.storyboard */ = {
			isa = PBXVariantGroup;
			children = (
				BFA16EF027A86FAC00BD6A45 /* Base */,
			);
			name = Main.storyboard;
			sourceTree = "<group>";
		};
		BFA16EF427A86FAD00BD6A45 /* LaunchScreen.storyboard */ = {
			isa = PBXVariantGroup;
			children = (
				BFA16EF527A86FAD00BD6A45 /* Base */,
			);
			name = LaunchScreen.storyboard;
			sourceTree = "<group>";
		};
/* End PBXVariantGroup section */

/* Begin XCBuildConfiguration section */
		BFA16EF827A86FAD00BD6A45 /* Debug */ = {
			isa = XCBuildConfiguration;
			buildSettings = {
				ALWAYS_SEARCH_USER_PATHS = NO;
				CLANG_ANALYZER_NONNULL = YES;
				CLANG_ANALYZER_NUMBER_OBJECT_CONVERSION = YES_AGGRESSIVE;
				CLANG_CXX_LANGUAGE_STANDARD = "gnu++17";
				CLANG_CXX_LIBRARY = "libc++";
				CLANG_ENABLE_MODULES = YES;
				CLANG_ENABLE_OBJC_ARC = YES;
				CLANG_ENABLE_OBJC_WEAK = YES;
				CLANG_WARN_BLOCK_CAPTURE_AUTORELEASING = YES;
				CLANG_WARN_BOOL_CONVERSION = YES;
				CLANG_WARN_COMMA = YES;
				CLANG_WARN_CONSTANT_CONVERSION = YES;
				CLANG_WARN_DEPRECATED_OBJC_IMPLEMENTATIONS = YES;
				CLANG_WARN_DIRECT_OBJC_ISA_USAGE = YES_ERROR;
				CLANG_WARN_DOCUMENTATION_COMMENTS = YES;
				CLANG_WARN_EMPTY_BODY = YES;
				CLANG_WARN_ENUM_CONVERSION = YES;
				CLANG_WARN_INFINITE_RECURSION = YES;
				CLANG_WARN_INT_CONVERSION = YES;
				CLANG_WARN_NON_LITERAL_NULL_CONVERSION = YES;
				CLANG_WARN_OBJC_IMPLICIT_RETAIN_SELF = YES;
				CLANG_WARN_OBJC_LITERAL_CONVERSION = YES;
				CLANG_WARN_OBJC_ROOT_CLASS = YES_ERROR;
				CLANG_WARN_QUOTED_INCLUDE_IN_FRAMEWORK_HEADER = YES;
				CLANG_WARN_RANGE_LOOP_ANALYSIS = YES;
				CLANG_WARN_STRICT_PROTOTYPES = YES;
				CLANG_WARN_SUSPICIOUS_MOVE = YES;
				CLANG_WARN_UNGUARDED_AVAILABILITY = YES_AGGRESSIVE;
				CLANG_WARN_UNREACHABLE_CODE = YES;
				CLANG_WARN__DUPLICATE_METHOD_MATCH = YES;
				COPY_PHASE_STRIP = NO;
				DEBUG_INFORMATION_FORMAT = dwarf;
				ENABLE_STRICT_OBJC_MSGSEND = YES;
				ENABLE_TESTABILITY = YES;
				GCC_C_LANGUAGE_STANDARD = gnu11;
				GCC_DYNAMIC_NO_PIC = NO;
				GCC_NO_COMMON_BLOCKS = YES;
				GCC_OPTIMIZATION_LEVEL = 0;
				GCC_PREPROCESSOR_DEFINITIONS = (
					"DEBUG=1",
					"$(inherited)",
				);
				GCC_WARN_64_TO_32_BIT_CONVERSION = YES;
				GCC_WARN_ABOUT_RETURN_TYPE = YES_ERROR;
				GCC_WARN_UNDECLARED_SELECTOR = YES;
				GCC_WARN_UNINITIALIZED_AUTOS = YES_AGGRESSIVE;
				GCC_WARN_UNUSED_FUNCTION = YES;
				GCC_WARN_UNUSED_VARIABLE = YES;
				IPHONEOS_DEPLOYMENT_TARGET = 15.2;
				MTL_ENABLE_DEBUG_INFO = INCLUDE_SOURCE;
				MTL_FAST_MATH = YES;
				ONLY_ACTIVE_ARCH = YES;
				SDKROOT = iphoneos;
				SWIFT_ACTIVE_COMPILATION_CONDITIONS = DEBUG;
				SWIFT_OPTIMIZATION_LEVEL = "-Onone";
			};
			name = Debug;
		};
		BFA16EF927A86FAD00BD6A45 /* Release */ = {
			isa = XCBuildConfiguration;
			buildSettings = {
				ALWAYS_SEARCH_USER_PATHS = NO;
				CLANG_ANALYZER_NONNULL = YES;
				CLANG_ANALYZER_NUMBER_OBJECT_CONVERSION = YES_AGGRESSIVE;
				CLANG_CXX_LANGUAGE_STANDARD = "gnu++17";
				CLANG_CXX_LIBRARY = "libc++";
				CLANG_ENABLE_MODULES = YES;
				CLANG_ENABLE_OBJC_ARC = YES;
				CLANG_ENABLE_OBJC_WEAK = YES;
				CLANG_WARN_BLOCK_CAPTURE_AUTORELEASING = YES;
				CLANG_WARN_BOOL_CONVERSION = YES;
				CLANG_WARN_COMMA = YES;
				CLANG_WARN_CONSTANT_CONVERSION = YES;
				CLANG_WARN_DEPRECATED_OBJC_IMPLEMENTATIONS = YES;
				CLANG_WARN_DIRECT_OBJC_ISA_USAGE = YES_ERROR;
				CLANG_WARN_DOCUMENTATION_COMMENTS = YES;
				CLANG_WARN_EMPTY_BODY = YES;
				CLANG_WARN_ENUM_CONVERSION = YES;
				CLANG_WARN_INFINITE_RECURSION = YES;
				CLANG_WARN_INT_CONVERSION = YES;
				CLANG_WARN_NON_LITERAL_NULL_CONVERSION = YES;
				CLANG_WARN_OBJC_IMPLICIT_RETAIN_SELF = YES;
				CLANG_WARN_OBJC_LITERAL_CONVERSION = YES;
				CLANG_WARN_OBJC_ROOT_CLASS = YES_ERROR;
				CLANG_WARN_QUOTED_INCLUDE_IN_FRAMEWORK_HEADER = YES;
				CLANG_WARN_RANGE_LOOP_ANALYSIS = YES;
				CLANG_WARN_STRICT_PROTOTYPES = YES;
				CLANG_WARN_SUSPICIOUS_MOVE = YES;
				CLANG_WARN_UNGUARDED_AVAILABILITY = YES_AGGRESSIVE;
				CLANG_WARN_UNREACHABLE_CODE = YES;
				CLANG_WARN__DUPLICATE_METHOD_MATCH = YES;
				COPY_PHASE_STRIP = NO;
				DEBUG_INFORMATION_FORMAT = "dwarf-with-dsym";
				ENABLE_NS_ASSERTIONS = NO;
				ENABLE_STRICT_OBJC_MSGSEND = YES;
				GCC_C_LANGUAGE_STANDARD = gnu11;
				GCC_NO_COMMON_BLOCKS = YES;
				GCC_WARN_64_TO_32_BIT_CONVERSION = YES;
				GCC_WARN_ABOUT_RETURN_TYPE = YES_ERROR;
				GCC_WARN_UNDECLARED_SELECTOR = YES;
				GCC_WARN_UNINITIALIZED_AUTOS = YES_AGGRESSIVE;
				GCC_WARN_UNUSED_FUNCTION = YES;
				GCC_WARN_UNUSED_VARIABLE = YES;
				IPHONEOS_DEPLOYMENT_TARGET = 15.2;
				MTL_ENABLE_DEBUG_INFO = NO;
				MTL_FAST_MATH = YES;
				SDKROOT = iphoneos;
				SWIFT_COMPILATION_MODE = wholemodule;
				SWIFT_OPTIMIZATION_LEVEL = "-O";
				VALIDATE_PRODUCT = YES;
			};
			name = Release;
		};
		BFA16EFB27A86FAD00BD6A45 /* Debug */ = {
			isa = XCBuildConfiguration;
			baseConfigurationReference = 96B54467B928413FEB73A811 /* Pods-FieldCodeiOS.debug.xcconfig */;
			buildSettings = {
				ASSETCATALOG_COMPILER_APPICON_NAME = AppIcon;
				ASSETCATALOG_COMPILER_GLOBAL_ACCENT_COLOR_NAME = AccentColor;
				CODE_SIGN_STYLE = Automatic;
				CURRENT_PROJECT_VERSION = 1;
				EXCLUDED_ARCHS = arm64;
				GENERATE_INFOPLIST_FILE = YES;
				INFOPLIST_FILE = FieldCodeiOS/Info.plist;
				INFOPLIST_KEY_UIApplicationSupportsIndirectInputEvents = YES;
				INFOPLIST_KEY_UILaunchStoryboardName = LaunchScreen;
				INFOPLIST_KEY_UIMainStoryboardFile = PostListScreen;
				INFOPLIST_KEY_UISupportedInterfaceOrientations = UIInterfaceOrientationPortrait;
				INFOPLIST_KEY_UISupportedInterfaceOrientations_iPad = "UIInterfaceOrientationPortrait UIInterfaceOrientationPortraitUpsideDown UIInterfaceOrientationLandscapeLeft UIInterfaceOrientationLandscapeRight";
				INFOPLIST_KEY_UISupportedInterfaceOrientations_iPhone = "UIInterfaceOrientationPortrait UIInterfaceOrientationLandscapeLeft UIInterfaceOrientationLandscapeRight";
				LD_RUNPATH_SEARCH_PATHS = (
					"$(inherited)",
					"@executable_path/Frameworks",
				);
				MARKETING_VERSION = 1.0;
				PRODUCT_BUNDLE_IDENTIFIER = com.fieldcode.app.FieldCodeiOS;
				PRODUCT_NAME = "$(TARGET_NAME)";
				SWIFT_EMIT_LOC_STRINGS = YES;
				SWIFT_VERSION = 5.0;
				TARGETED_DEVICE_FAMILY = 1;
			};
			name = Debug;
		};
		BFA16EFC27A86FAD00BD6A45 /* Release */ = {
			isa = XCBuildConfiguration;
			baseConfigurationReference = 38D986A1B5A94B9DD2CB49B2 /* Pods-FieldCodeiOS.release.xcconfig */;
			buildSettings = {
				ASSETCATALOG_COMPILER_APPICON_NAME = AppIcon;
				ASSETCATALOG_COMPILER_GLOBAL_ACCENT_COLOR_NAME = AccentColor;
				CODE_SIGN_STYLE = Automatic;
				CURRENT_PROJECT_VERSION = 1;
				EXCLUDED_ARCHS = arm64;
				GENERATE_INFOPLIST_FILE = YES;
				INFOPLIST_FILE = FieldCodeiOS/Info.plist;
				INFOPLIST_KEY_UIApplicationSupportsIndirectInputEvents = YES;
				INFOPLIST_KEY_UILaunchStoryboardName = LaunchScreen;
				INFOPLIST_KEY_UIMainStoryboardFile = PostListScreen;
				INFOPLIST_KEY_UISupportedInterfaceOrientations = UIInterfaceOrientationPortrait;
				INFOPLIST_KEY_UISupportedInterfaceOrientations_iPad = "UIInterfaceOrientationPortrait UIInterfaceOrientationPortraitUpsideDown UIInterfaceOrientationLandscapeLeft UIInterfaceOrientationLandscapeRight";
				INFOPLIST_KEY_UISupportedInterfaceOrientations_iPhone = "UIInterfaceOrientationPortrait UIInterfaceOrientationLandscapeLeft UIInterfaceOrientationLandscapeRight";
				LD_RUNPATH_SEARCH_PATHS = (
					"$(inherited)",
					"@executable_path/Frameworks",
				);
				MARKETING_VERSION = 1.0;
				PRODUCT_BUNDLE_IDENTIFIER = com.fieldcode.app.FieldCodeiOS;
				PRODUCT_NAME = "$(TARGET_NAME)";
				SWIFT_EMIT_LOC_STRINGS = YES;
				SWIFT_VERSION = 5.0;
				TARGETED_DEVICE_FAMILY = 1;
			};
			name = Release;
		};
/* End XCBuildConfiguration section */

/* Begin XCConfigurationList section */
		BFA16EE127A86FAC00BD6A45 /* Build configuration list for PBXProject "FieldCodeiOS" */ = {
			isa = XCConfigurationList;
			buildConfigurations = (
				BFA16EF827A86FAD00BD6A45 /* Debug */,
				BFA16EF927A86FAD00BD6A45 /* Release */,
			);
			defaultConfigurationIsVisible = 0;
			defaultConfigurationName = Release;
		};
		BFA16EFA27A86FAD00BD6A45 /* Build configuration list for PBXNativeTarget "FieldCodeiOS" */ = {
			isa = XCConfigurationList;
			buildConfigurations = (
				BFA16EFB27A86FAD00BD6A45 /* Debug */,
				BFA16EFC27A86FAD00BD6A45 /* Release */,
			);
			defaultConfigurationIsVisible = 0;
			defaultConfigurationName = Release;
		};
/* End XCConfigurationList section */
	};
	rootObject = BFA16EDE27A86FAC00BD6A45 /* Project object */;
}
